
Microsoft Visual Studio Solution File, Format Version 12.00
# Visual Studio Version 16
VisualStudioVersion = 16.0.30114.105
MinimumVisualStudioVersion = 10.0.40219.1
Project("{2150E333-8FDC-42A3-9474-1A3956D46DE8}") = "ParsecTraining", "ParsecTraining", "{9A82D912-96C7-442F-BE7D-77B25943DC74}"
EndProject
Project("{F2A71F9B-5D33-465A-A702-920D77279786}") = "App", "ParsecTraining\App\App.fsproj", "{CB95BC39-23FF-4583-8BD9-58B6C14093B2}"
EndProject
Project("{F2A71F9B-5D33-465A-A702-920D77279786}") = "Shared", "ParsecTraining\Shared\Shared.fsproj", "{D55706DA-30D9-4EF4-9403-B6060BAEE81D}"
EndProject
Project("{2150E333-8FDC-42A3-9474-1A3956D46DE8}") = "MiniC", "MiniC", "{69119E3C-1C40-48B7-966E-4BFEFB265DBF}"
EndProject
Project("{F2A71F9B-5D33-465A-A702-920D77279786}") = "MiniC.Core", "MiniC.Core\MiniC.Core.fsproj", "{F30A6ADF-3783-416A-80A4-D5C0DF694F2F}"
EndProject
Project("{F2A71F9B-5D33-465A-A702-920D77279786}") = "MiniC.Core.Tests", "MiniC.Core.Tests\MiniC.Core.Tests.fsproj", "{44B63E32-FCCB-4C83-9C89-E3580F8031E3}"
EndProject
Global
	GlobalSection(SolutionConfigurationPlatforms) = preSolution
		Debug|Any CPU = Debug|Any CPU
		Release|Any CPU = Release|Any CPU
	EndGlobalSection
	GlobalSection(SolutionProperties) = preSolution
		HideSolutionNode = FALSE
	EndGlobalSection
	GlobalSection(ProjectConfigurationPlatforms) = postSolution
		{CB95BC39-23FF-4583-8BD9-58B6C14093B2}.Debug|Any CPU.ActiveCfg = Debug|Any CPU
		{CB95BC39-23FF-4583-8BD9-58B6C14093B2}.Debug|Any CPU.Build.0 = Debug|Any CPU
		{CB95BC39-23FF-4583-8BD9-58B6C14093B2}.Release|Any CPU.ActiveCfg = Release|Any CPU
		{CB95BC39-23FF-4583-8BD9-58B6C14093B2}.Release|Any CPU.Build.0 = Release|Any CPU
		{D55706DA-30D9-4EF4-9403-B6060BAEE81D}.Debug|Any CPU.ActiveCfg = Debug|Any CPU
		{D55706DA-30D9-4EF4-9403-B6060BAEE81D}.Debug|Any CPU.Build.0 = Debug|Any CPU
		{D55706DA-30D9-4EF4-9403-B6060BAEE81D}.Release|Any CPU.ActiveCfg = Release|Any CPU
		{D55706DA-30D9-4EF4-9403-B6060BAEE81D}.Release|Any CPU.Build.0 = Release|Any CPU
		{F30A6ADF-3783-416A-80A4-D5C0DF694F2F}.Debug|Any CPU.ActiveCfg = Debug|Any CPU
		{F30A6ADF-3783-416A-80A4-D5C0DF694F2F}.Debug|Any CPU.Build.0 = Debug|Any CPU
		{F30A6ADF-3783-416A-80A4-D5C0DF694F2F}.Release|Any CPU.ActiveCfg = Release|Any CPU
		{F30A6ADF-3783-416A-80A4-D5C0DF694F2F}.Release|Any CPU.Build.0 = Release|Any CPU
		{44B63E32-FCCB-4C83-9C89-E3580F8031E3}.Debug|Any CPU.ActiveCfg = Debug|Any CPU
		{44B63E32-FCCB-4C83-9C89-E3580F8031E3}.Debug|Any CPU.Build.0 = Debug|Any CPU
		{44B63E32-FCCB-4C83-9C89-E3580F8031E3}.Release|Any CPU.ActiveCfg = Release|Any CPU
		{44B63E32-FCCB-4C83-9C89-E3580F8031E3}.Release|Any CPU.Build.0 = Release|Any CPU
	EndGlobalSection
	GlobalSection(NestedProjects) = preSolution
		{CB95BC39-23FF-4583-8BD9-58B6C14093B2} = {9A82D912-96C7-442F-BE7D-77B25943DC74}
		{D55706DA-30D9-4EF4-9403-B6060BAEE81D} = {9A82D912-96C7-442F-BE7D-77B25943DC74}
		{F30A6ADF-3783-416A-80A4-D5C0DF694F2F} = {69119E3C-1C40-48B7-966E-4BFEFB265DBF}
		{44B63E32-FCCB-4C83-9C89-E3580F8031E3} = {69119E3C-1C40-48B7-966E-4BFEFB265DBF}
	EndGlobalSection
EndGlobal
